
Microsoft Visual Studio Solution File, Format Version 12.00
# Visual Studio Version 16
VisualStudioVersion = 16.0.30503.244
MinimumVisualStudioVersion = 10.0.40219.1
Project("{FAE04EC0-301F-11D3-BF4B-00C04F79EFBC}") = "Shevchenko_Elemendid.Android", "Shevchenko_Elemendid\Shevchenko_Elemendid.Android\Shevchenko_Elemendid.Android.csproj", "{FC85DCE7-4F8F-4310-AF23-9A2DB22D5D00}"
EndProject
Project("{FAE04EC0-301F-11D3-BF4B-00C04F79EFBC}") = "Shevchenko_Elemendid", "Shevchenko_Elemendid\Shevchenko_Elemendid\Shevchenko_Elemendid.csproj", "{69176153-33EB-4441-BDE6-4F8EDB7CF8C6}"
EndProject
Global
	GlobalSection(SolutionConfigurationPlatforms) = preSolution
		Debug|Any CPU = Debug|Any CPU
		Release|Any CPU = Release|Any CPU
	EndGlobalSection
	GlobalSection(ProjectConfigurationPlatforms) = postSolution
		{FC85DCE7-4F8F-4310-AF23-9A2DB22D5D00}.Debug|Any CPU.ActiveCfg = Debug|Any CPU
		{FC85DCE7-4F8F-4310-AF23-9A2DB22D5D00}.Debug|Any CPU.Build.0 = Debug|Any CPU
		{FC85DCE7-4F8F-4310-AF23-9A2DB22D5D00}.Debug|Any CPU.Deploy.0 = Debug|Any CPU
		{FC85DCE7-4F8F-4310-AF23-9A2DB22D5D00}.Release|Any CPU.ActiveCfg = Release|Any CPU
		{FC85DCE7-4F8F-4310-AF23-9A2DB22D5D00}.Release|Any CPU.Build.0 = Release|Any CPU
		{FC85DCE7-4F8F-4310-AF23-9A2DB22D5D00}.Release|Any CPU.Deploy.0 = Release|Any CPU
		{69176153-33EB-4441-BDE6-4F8EDB7CF8C6}.Debug|Any CPU.ActiveCfg = Debug|Any CPU
		{69176153-33EB-4441-BDE6-4F8EDB7CF8C6}.Debug|Any CPU.Build.0 = Debug|Any CPU
		{69176153-33EB-4441-BDE6-4F8EDB7CF8C6}.Release|Any CPU.ActiveCfg = Release|Any CPU
		{69176153-33EB-4441-BDE6-4F8EDB7CF8C6}.Release|Any CPU.Build.0 = Release|Any CPU
	EndGlobalSection
	GlobalSection(SolutionProperties) = preSolution
		HideSolutionNode = FALSE
	EndGlobalSection
	GlobalSection(ExtensibilityGlobals) = postSolution
		SolutionGuid = {C83D3EE4-9969-4C74-A5A5-057B837F0782}
	EndGlobalSection
EndGlobal
